{
  "dep-1": "1.0.1",
  "dep-2": "1.0.2",
  "dep-3": "1.0.3",
  "dep-4": "1.0.4",
  "dep-5": "1.0.5",
  "dep-6": "1.0.6",
  "dep-7": "1.0.7",
  "dep-8": "1.0.8",
  "dep-9": "1.0.9",
  "dep-10": "1.0.10",
  "dep-11": "1.0.11",
  "dep-12": "1.0.12",
  "dep-13": "1.0.13",
  "dep-14": "1.0.14",
  "dep-15": "1.0.15",
  "dep-16": "1.0.16",
  "dep-17": "1.0.17",
  "dep-18": "1.0.18",
  "dep-19": "1.0.19",
  "dep-20": "1.0.20",
  "dep-21": "1.0.21",
  "dep-22": "1.0.22",
  "dep-23": "1.0.23",
  "dep-24": "1.0.24",
  "dep-25": "1.0.25",
  "dep-26": "1.0.26",
  "dep-27": "1.0.27",
  "dep-28": "1.0.28",
  "dep-29": "1.0.29",
  "dep-30": "1.0.30",
  "dep-31": "1.0.31",
  "dep-32": "1.0.32",
  "dep-33": "1.0.33",
  "dep-34": "1.0.34",
  "dep-35": "1.0.35",
  "dep-36": "1.0.36",
  "dep-37": "1.0.37",
  "dep-38": "1.0.38",
  "dep-39": "1.0.39",
  "dep-40": "1.0.40",
  "dep-41": "1.0.41",
  "dep-42": "1.0.42",
  "dep-43": "1.0.43",
  "dep-44": "1.0.44",
  "dep-45": "1.0.45",
  "dep-46": "1.0.46",
  "dep-47": "1.0.47",
  "dep-48": "1.0.48",
  "dep-49": "1.0.49",
  "dep-50": "1.0.50",
  "dep-51": "1.0.51",
  "dep-52": "1.0.52",
  "dep-53": "1.0.53",
  "dep-54": "1.0.54",
  "dep-55": "1.0.55",
  "dep-56": "1.0.56",
  "dep-57": "1.0.57",
  "dep-58": "1.0.58",
  "dep-59": "1.0.59",
  "dep-60": "1.0.60",
  "dep-61": "1.0.61",
  "dep-62": "1.0.62",
  "dep-63": "1.0.63",
  "dep-64": "1.0.64",
  "dep-65": "1.0.65",
  "dep-66": "1.0.66",
  "dep-67": "1.0.67",
  "dep-68": "1.0.68",
  "dep-69": "1.0.69",
  "dep-70": "1.0.70",
  "dep-71": "1.0.71",
  "dep-72": "1.0.72",
  "dep-73": "1.0.73",
  "dep-74": "1.0.74",
  "dep-75": "1.0.75",
  "dep-76": "1.0.76",
  "dep-77": "1.0.77",
  "dep-78": "1.0.78",
  "dep-79": "1.0.79",
  "dep-80": "1.0.80",
  "dep-81": "1.0.81",
  "dep-82": "1.0.82",
  "dep-83": "1.0.83",
  "dep-84": "1.0.84",
  "dep-85": "1.0.85",
  "dep-86": "1.0.86",
  "dep-87": "1.0.87",
  "dep-88": "1.0.88",
  "dep-89": "1.0.89",
  "dep-90": "1.0.90",
  "dep-91": "1.0.91",
  "dep-92": "1.0.92",
  "dep-93": "1.0.93",
  "dep-94": "1.0.94",
  "dep-95": "1.0.95",
  "dep-96": "1.0.96",
  "dep-97": "1.0.97",
  "dep-98": "1.0.98",
  "dep-99": "1.0.99",
  "dep-100": "1.0.100",
  "dep-101": "1.0.101",
  "dep-102": "1.0.102",
  "dep-103": "1.0.103",
  "dep-104": "1.0.104",
  "dep-105": "1.0.105",
  "dep-106": "1.0.106",
  "dep-107": "1.0.107",
  "dep-108": "1.0.108",
  "dep-109": "1.0.109",
  "dep-110": "1.0.110",
  "dep-111": "1.0.111",
  "dep-112": "1.0.112",
  "dep-113": "1.0.113",
  "dep-114": "1.0.114",
  "dep-115": "1.0.115",
  "dep-116": "1.0.116",
  "dep-117": "1.0.117",
  "dep-118": "1.0.118",
  "dep-119": "1.0.119",
  "dep-120": "1.0.120",
  "dep-121": "1.0.121",
  "dep-122": "1.0.122",
  "dep-123": "1.0.123",
  "dep-124": "1.0.124",
  "dep-125": "1.0.125",
  "dep-126": "1.0.126",
  "dep-127": "1.0.127",
  "dep-128": "1.0.128",
  "dep-129": "1.0.129",
  "dep-130": "1.0.130",
  "dep-131": "1.0.131",
  "dep-132": "1.0.132",
  "dep-133": "1.0.133",
  "dep-134": "1.0.134",
  "dep-135": "1.0.135",
  "dep-136": "1.0.136",
  "dep-137": "1.0.137",
  "dep-138": "1.0.138",
  "dep-139": "1.0.139",
  "dep-140": "1.0.140",
  "dep-141": "1.0.141",
  "dep-142": "1.0.142",
  "dep-143": "1.0.143",
  "dep-144": "1.0.144",
  "dep-145": "1.0.145",
  "dep-146": "1.0.146",
  "dep-147": "1.0.147",
  "dep-148": "1.0.148",
  "dep-149": "1.0.149",
  "dep-150": "1.0.150",
  "dep-151": "1.0.151",
  "dep-152": "1.0.152",
  "dep-153": "1.0.153",
  "dep-154": "1.0.154",
  "dep-155": "1.0.155",
  "dep-156": "1.0.156",
  "dep-157": "1.0.157",
  "dep-158": "1.0.158",
  "dep-159": "1.0.159",
  "dep-160": "1.0.160",
  "dep-161": "1.0.161",
  "dep-162": "1.0.162",
  "dep-163": "1.0.163",
  "dep-164": "1.0.164",
  "dep-165": "1.0.165",
  "dep-166": "1.0.166",
  "dep-167": "1.0.167",
  "dep-168": "1.0.168",
  "dep-169": "1.0.169",
  "dep-170": "1.0.170",
  "dep-171": "1.0.171",
  "dep-172": "1.0.172",
  "dep-173": "1.0.173",
  "dep-174": "1.0.174",
  "dep-175": "1.0.175",
  "dep-176": "1.0.176",
  "dep-177": "1.0.177",
  "dep-178": "1.0.178",
  "dep-179": "1.0.179",
  "dep-180": "1.0.180",
  "dep-181": "1.0.181",
  "dep-182": "1.0.182",
  "dep-183": "1.0.183",
  "dep-184": "1.0.184",
  "dep-185": "1.0.185",
  "dep-186": "1.0.186",
  "dep-187": "1.0.187",
  "dep-188": "1.0.188",
  "dep-189": "1.0.189",
  "dep-190": "1.0.190",
  "dep-191": "1.0.191",
  "dep-192": "1.0.192",
  "dep-193": "1.0.193",
  "dep-194": "1.0.194",
  "dep-195": "1.0.195",
  "dep-196": "1.0.196",
  "dep-197": "1.0.197",
  "dep-198": "1.0.198",
  "dep-199": "1.0.199",
  "dep-200": "1.0.200",
  "dep-201": "1.0.201",
  "dep-202": "1.0.202",
  "dep-203": "1.0.203",
  "dep-204": "1.0.204",
  "dep-205": "1.0.205",
  "dep-206": "1.0.206",
  "dep-207": "1.0.207",
  "dep-208": "1.0.208",
  "dep-209": "1.0.209",
  "dep-210": "1.0.210",
  "dep-211": "1.0.211",
  "dep-212": "1.0.212",
  "dep-213": "1.0.213",
  "dep-214": "1.0.214",
  "dep-215": "1.0.215",
  "dep-216": "1.0.216",
  "dep-217": "1.0.217",
  "dep-218": "1.0.218",
  "dep-219": "1.0.219",
  "dep-220": "1.0.220",
  "dep-221": "1.0.221",
  "dep-222": "1.0.222",
  "dep-223": "1.0.223",
  "dep-224": "1.0.224",
  "dep-225": "1.0.225",
  "dep-226": "1.0.226",
  "dep-227": "1.0.227",
  "dep-228": "1.0.228",
  "dep-229": "1.0.229",
  "dep-230": "1.0.230",
  "dep-231": "1.0.231",
  "dep-232": "1.0.232",
  "dep-233": "1.0.233",
  "dep-234": "1.0.234",
  "dep-235": "1.0.235",
  "dep-236": "1.0.236",
  "dep-237": "1.0.237",
  "dep-238": "1.0.238",
  "dep-239": "1.0.239",
  "dep-240": "1.0.240",
  "dep-241": "1.0.241",
  "dep-242": "1.0.242",
  "dep-243": "1.0.243",
  "dep-244": "1.0.244",
  "dep-245": "1.0.245",
  "dep-246": "1.0.246",
  "dep-247": "1.0.247",
  "dep-248": "1.0.248",
  "dep-249": "1.0.249",
  "dep-250": "1.0.250",
  "dep-251": "1.0.251",
  "dep-252": "1.0.252",
  "dep-253": "1.0.253",
  "dep-254": "1.0.254",
  "dep-255": "1.0.255",
  "dep-256": "1.0.256",
  "dep-257": "1.0.257",
  "dep-258": "1.0.258",
  "dep-259": "1.0.259",
  "dep-260": "1.0.260",
  "dep-261": "1.0.261",
  "dep-262": "1.0.262",
  "dep-263": "1.0.263",
  "dep-264": "1.0.264",
  "dep-265": "1.0.265",
  "dep-266": "1.0.266",
  "dep-267": "1.0.267",
  "dep-268": "1.0.268",
  "dep-269": "1.0.269",
  "dep-270": "1.0.270",
  "dep-271": "1.0.271",
  "dep-272": "1.0.272",
  "dep-273": "1.0.273",
  "dep-274": "1.0.274",
  "dep-275": "1.0.275",
  "dep-276": "1.0.276",
  "dep-277": "1.0.277",
  "dep-278": "1.0.278",
  "dep-279": "1.0.279",
  "dep-280": "1.0.280",
  "dep-281": "1.0.281",
  "dep-282": "1.0.282",
  "dep-283": "1.0.283",
  "dep-284": "1.0.284",
  "dep-285": "1.0.285",
  "dep-286": "1.0.286",
  "dep-287": "1.0.287",
  "dep-288": "1.0.288",
  "dep-289": "1.0.289",
  "dep-290": "1.0.290",
  "dep-291": "1.0.291",
  "dep-292": "1.0.292",
  "dep-293": "1.0.293",
  "dep-294": "1.0.294",
  "dep-295": "1.0.295",
  "dep-296": "1.0.296",
  "dep-297": "1.0.297",
  "dep-298": "1.0.298",
  "dep-299": "1.0.299",
  "dep-300": "1.0.300",
  "dep-301": "1.0.301",
  "dep-302": "1.0.302",
  "dep-303": "1.0.303",
  "dep-304": "1.0.304",
  "dep-305": "1.0.305",
  "dep-306": "1.0.306",
  "dep-307": "1.0.307",
  "dep-308": "1.0.308",
  "dep-309": "1.0.309",
  "dep-310": "1.0.310",
  "dep-311": "1.0.311",
  "dep-312": "1.0.312",
  "dep-313": "1.0.313",
  "dep-314": "1.0.314",
  "dep-315": "1.0.315",
  "dep-316": "1.0.316",
  "dep-317": "1.0.317",
  "dep-318": "1.0.318",
  "dep-319": "1.0.319",
  "dep-320": "1.0.320",
  "dep-321": "1.0.321",
  "dep-322": "1.0.322",
  "dep-323": "1.0.323",
  "dep-324": "1.0.324",
  "dep-325": "1.0.325",
  "dep-326": "1.0.326",
  "dep-327": "1.0.327",
  "dep-328": "1.0.328",
  "dep-329": "1.0.329",
  "dep-330": "1.0.330",
  "dep-331": "1.0.331",
  "dep-332": "1.0.332",
  "dep-333": "1.0.333",
  "dep-334": "1.0.334",
  "dep-335": "1.0.335",
  "dep-336": "1.0.336",
  "dep-337": "1.0.337",
  "dep-338": "1.0.338",
  "dep-339": "1.0.339",
  "dep-340": "1.0.340",
  "dep-341": "1.0.341",
  "dep-342": "1.0.342",
  "dep-343": "1.0.343",
  "dep-344": "1.0.344",
  "dep-345": "1.0.345",
  "dep-346": "1.0.346",
  "dep-347": "1.0.347",
  "dep-348": "1.0.348",
  "dep-349": "1.0.349",
  "dep-350": "1.0.350",
  "dep-351": "1.0.351",
  "dep-352": "1.0.352",
  "dep-353": "1.0.353",
  "dep-354": "1.0.354",
  "dep-355": "1.0.355",
  "dep-356": "1.0.356",
  "dep-357": "1.0.357",
  "dep-358": "1.0.358",
  "dep-359": "1.0.359",
  "dep-360": "1.0.360",
  "dep-361": "1.0.361",
  "dep-362": "1.0.362",
  "dep-363": "1.0.363",
  "dep-364": "1.0.364",
  "dep-365": "1.0.365",
  "dep-366": "1.0.366",
  "dep-367": "1.0.367",
  "dep-368": "1.0.368",
  "dep-369": "1.0.369",
  "dep-370": "1.0.370",
  "dep-371": "1.0.371",
  "dep-372": "1.0.372",
  "dep-373": "1.0.373",
  "dep-374": "1.0.374",
  "dep-375": "1.0.375",
  "dep-376": "1.0.376",
  "dep-377": "1.0.377",
  "dep-378": "1.0.378",
  "dep-379": "1.0.379",
  "dep-380": "1.0.380",
  "dep-381": "1.0.381",
  "dep-382": "1.0.382",
  "dep-383": "1.0.383",
  "dep-384": "1.0.384",
  "dep-385": "1.0.385",
  "dep-386": "1.0.386",
  "dep-387": "1.0.387",
  "dep-388": "1.0.388",
  "dep-389": "1.0.389",
  "dep-390": "1.0.390",
  "dep-391": "1.0.391",
  "dep-392": "1.0.392",
  "dep-393": "1.0.393",
  "dep-394": "1.0.394",
  "dep-395": "1.0.395",
  "dep-396": "1.0.396",
  "dep-397": "1.0.397",
  "dep-398": "1.0.398",
  "dep-399": "1.0.399",
  "dep-400": "1.0.400",
  "dep-401": "1.0.401",
  "dep-402": "1.0.402",
  "dep-403": "1.0.403",
  "dep-404": "1.0.404",
  "dep-405": "1.0.405",
  "dep-406": "1.0.406",
  "dep-407": "1.0.407",
  "dep-408": "1.0.408",
  "dep-409": "1.0.409",
  "dep-410": "1.0.410",
  "dep-411": "1.0.411",
  "dep-412": "1.0.412",
  "dep-413": "1.0.413",
  "dep-414": "1.0.414",
  "dep-415": "1.0.415",
  "dep-416": "1.0.416",
  "dep-417": "1.0.417",
  "dep-418": "1.0.418",
  "dep-419": "1.0.419",
  "dep-420": "1.0.420",
  "dep-421": "1.0.421",
  "dep-422": "1.0.422",
  "dep-423": "1.0.423",
  "dep-424": "1.0.424",
  "dep-425": "1.0.425",
  "dep-426": "1.0.426",
  "dep-427": "1.0.427",
  "dep-428": "1.0.428",
  "dep-429": "1.0.429",
  "dep-430": "1.0.430",
  "dep-431": "1.0.431",
  "dep-432": "1.0.432",
  "dep-433": "1.0.433",
  "dep-434": "1.0.434",
  "dep-435": "1.0.435",
  "dep-436": "1.0.436",
  "dep-437": "1.0.437",
  "dep-438": "1.0.438",
  "dep-439": "1.0.439",
  "dep-440": "1.0.440",
  "dep-441": "1.0.441",
  "dep-442": "1.0.442",
  "dep-443": "1.0.443",
  "dep-444": "1.0.444",
  "dep-445": "1.0.445",
  "dep-446": "1.0.446",
  "dep-447": "1.0.447",
  "dep-448": "1.0.448",
  "dep-449": "1.0.449",
  "dep-450": "1.0.450",
  "dep-451": "1.0.451",
  "dep-452": "1.0.452",
  "dep-453": "1.0.453",
  "dep-454": "1.0.454",
  "dep-455": "1.0.455",
  "dep-456": "1.0.456",
  "dep-457": "1.0.457",
  "dep-458": "1.0.458",
  "dep-459": "1.0.459",
  "dep-460": "1.0.460",
  "dep-461": "1.0.461",
  "dep-462": "1.0.462",
  "dep-463": "1.0.463",
  "dep-464": "1.0.464",
  "dep-465": "1.0.465",
  "dep-466": "1.0.466",
  "dep-467": "1.0.467",
  "dep-468": "1.0.468",
  "dep-469": "1.0.469",
  "dep-470": "1.0.470",
  "dep-471": "1.0.471",
  "dep-472": "1.0.472",
  "dep-473": "1.0.473",
  "dep-474": "1.0.474",
  "dep-475": "1.0.475",
  "dep-476": "1.0.476",
  "dep-477": "1.0.477",
  "dep-478": "1.0.478",
  "dep-479": "1.0.479",
  "dep-480": "1.0.480",
  "dep-481": "1.0.481",
  "dep-482": "1.0.482",
  "dep-483": "1.0.483",
  "dep-484": "1.0.484",
  "dep-485": "1.0.485",
  "dep-486": "1.0.486",
  "dep-487": "1.0.487",
  "dep-488": "1.0.488",
  "dep-489": "1.0.489",
  "dep-490": "1.0.490",
  "dep-491": "1.0.491",
  "dep-492": "1.0.492",
  "dep-493": "1.0.493",
  "dep-494": "1.0.494",
  "dep-495": "1.0.495",
  "dep-496": "1.0.496",
  "dep-497": "1.0.497",
  "dep-498": "1.0.498",
  "dep-499": "1.0.499",
  "dep-500": "1.0.500",
  "end": "1.0.0"
}
